// !$*UTF8*$!
{
	archiveVersion = 1;
	classes = {
	};
	objectVersion = 51;
	objects = {

/* Begin PBXBuildFile section */
		25371BF9B8F86FD68D5F5AB5 /* Pods_YMFrameworksShowCase.framework in Frameworks */ = {isa = PBXBuildFile; fileRef = 2A2AB76F0B1D0AB6FC7D88E5 /* Pods_YMFrameworksShowCase.framework */; };
		8838423D247AAE7F00C395BA /* VisionDetectViewController.swift in Sources */ = {isa = PBXBuildFile; fileRef = 8838423C247AAE7F00C395BA /* VisionDetectViewController.swift */; };
		884DDE442444DE4A004782AD /* AppDelegate.swift in Sources */ = {isa = PBXBuildFile; fileRef = 884DDE432444DE4A004782AD /* AppDelegate.swift */; };
		884DDE462444DE4A004782AD /* SceneDelegate.swift in Sources */ = {isa = PBXBuildFile; fileRef = 884DDE452444DE4A004782AD /* SceneDelegate.swift */; };
		884DDE482444DE4A004782AD /* ViewController.swift in Sources */ = {isa = PBXBuildFile; fileRef = 884DDE472444DE4A004782AD /* ViewController.swift */; };
		884DDE4B2444DE4A004782AD /* Main.storyboard in Resources */ = {isa = PBXBuildFile; fileRef = 884DDE492444DE4A004782AD /* Main.storyboard */; };
		884DDE4D2444DE4D004782AD /* Assets.xcassets in Resources */ = {isa = PBXBuildFile; fileRef = 884DDE4C2444DE4D004782AD /* Assets.xcassets */; };
		884DDE502444DE4D004782AD /* LaunchScreen.storyboard in Resources */ = {isa = PBXBuildFile; fileRef = 884DDE4E2444DE4D004782AD /* LaunchScreen.storyboard */; };
		884DDE7B2444E0DF004782AD /* NetworkManager.swift in Sources */ = {isa = PBXBuildFile; fileRef = 884DDE7A2444E0DF004782AD /* NetworkManager.swift */; };
		884DDE902444E5C6004782AD /* MovieModel.swift in Sources */ = {isa = PBXBuildFile; fileRef = 884DDE8F2444E5C6004782AD /* MovieModel.swift */; };
		885E29F12461915C00090CA2 /* cat.jpg in Resources */ = {isa = PBXBuildFile; fileRef = 885E29F02461915C00090CA2 /* cat.jpg */; };
		885E29F32461919500090CA2 /* UploadRequest.swift in Sources */ = {isa = PBXBuildFile; fileRef = 885E29F22461919500090CA2 /* UploadRequest.swift */; };
		886091732448FED800267B42 /* MovieRequest.swift in Sources */ = {isa = PBXBuildFile; fileRef = 886091722448FED800267B42 /* MovieRequest.swift */; };
/* End PBXBuildFile section */

/* Begin PBXFileReference section */
		2A2AB76F0B1D0AB6FC7D88E5 /* Pods_YMFrameworksShowCase.framework */ = {isa = PBXFileReference; explicitFileType = wrapper.framework; includeInIndex = 0; path = Pods_YMFrameworksShowCase.framework; sourceTree = BUILT_PRODUCTS_DIR; };
		8838423C247AAE7F00C395BA /* VisionDetectViewController.swift */ = {isa = PBXFileReference; lastKnownFileType = sourcecode.swift; path = VisionDetectViewController.swift; sourceTree = "<group>"; };
		884DDE402444DE4A004782AD /* YMFrameworksShowCase.app */ = {isa = PBXFileReference; explicitFileType = wrapper.application; includeInIndex = 0; path = YMFrameworksShowCase.app; sourceTree = BUILT_PRODUCTS_DIR; };
		884DDE432444DE4A004782AD /* AppDelegate.swift */ = {isa = PBXFileReference; lastKnownFileType = sourcecode.swift; path = AppDelegate.swift; sourceTree = "<group>"; };
		884DDE452444DE4A004782AD /* SceneDelegate.swift */ = {isa = PBXFileReference; lastKnownFileType = sourcecode.swift; path = SceneDelegate.swift; sourceTree = "<group>"; };
		884DDE472444DE4A004782AD /* ViewController.swift */ = {isa = PBXFileReference; lastKnownFileType = sourcecode.swift; path = ViewController.swift; sourceTree = "<group>"; };
		884DDE4A2444DE4A004782AD /* Base */ = {isa = PBXFileReference; lastKnownFileType = file.storyboard; name = Base; path = Base.lproj/Main.storyboard; sourceTree = "<group>"; };
		884DDE4C2444DE4D004782AD /* Assets.xcassets */ = {isa = PBXFileReference; lastKnownFileType = folder.assetcatalog; path = Assets.xcassets; sourceTree = "<group>"; };
		884DDE4F2444DE4D004782AD /* Base */ = {isa = PBXFileReference; lastKnownFileType = file.storyboard; name = Base; path = Base.lproj/LaunchScreen.storyboard; sourceTree = "<group>"; };
		884DDE512444DE4D004782AD /* Info.plist */ = {isa = PBXFileReference; lastKnownFileType = text.plist.xml; path = Info.plist; sourceTree = "<group>"; };
		884DDE7A2444E0DF004782AD /* NetworkManager.swift */ = {isa = PBXFileReference; lastKnownFileType = sourcecode.swift; path = NetworkManager.swift; sourceTree = "<group>"; };
		884DDE8F2444E5C6004782AD /* MovieModel.swift */ = {isa = PBXFileReference; lastKnownFileType = sourcecode.swift; path = MovieModel.swift; sourceTree = "<group>"; };
		885E29F02461915C00090CA2 /* cat.jpg */ = {isa = PBXFileReference; lastKnownFileType = image.jpeg; path = cat.jpg; sourceTree = "<group>"; };
		885E29F22461919500090CA2 /* UploadRequest.swift */ = {isa = PBXFileReference; lastKnownFileType = sourcecode.swift; path = UploadRequest.swift; sourceTree = "<group>"; };
		886091722448FED800267B42 /* MovieRequest.swift */ = {isa = PBXFileReference; lastKnownFileType = sourcecode.swift; path = MovieRequest.swift; sourceTree = "<group>"; };
		88CCA6F22479A105001C61EC /* YMNetwork.framework */ = {isa = PBXFileReference; lastKnownFileType = wrapper.framework; name = YMNetwork.framework; path = Carthage/Build/iOS/YMNetwork.framework; sourceTree = "<group>"; };
		9FCF27A685343FAD34CAAACA /* Pods-PersonalFrameworkTester.debug.xcconfig */ = {isa = PBXFileReference; includeInIndex = 1; lastKnownFileType = text.xcconfig; name = "Pods-PersonalFrameworkTester.debug.xcconfig"; path = "Target Support Files/Pods-PersonalFrameworkTester/Pods-PersonalFrameworkTester.debug.xcconfig"; sourceTree = "<group>"; };
		A36F412ADFCCC9417DA7ED63 /* Pods-PersonalFrameworkTester.release.xcconfig */ = {isa = PBXFileReference; includeInIndex = 1; lastKnownFileType = text.xcconfig; name = "Pods-PersonalFrameworkTester.release.xcconfig"; path = "Target Support Files/Pods-PersonalFrameworkTester/Pods-PersonalFrameworkTester.release.xcconfig"; sourceTree = "<group>"; };
		ED1A66A309C3F88F5850D751 /* Pods-YMFrameworksShowCase.debug.xcconfig */ = {isa = PBXFileReference; includeInIndex = 1; lastKnownFileType = text.xcconfig; name = "Pods-YMFrameworksShowCase.debug.xcconfig"; path = "Target Support Files/Pods-YMFrameworksShowCase/Pods-YMFrameworksShowCase.debug.xcconfig"; sourceTree = "<group>"; };
		F7C2BDD841274ACE10D10B97 /* Pods-YMFrameworksShowCase.release.xcconfig */ = {isa = PBXFileReference; includeInIndex = 1; lastKnownFileType = text.xcconfig; name = "Pods-YMFrameworksShowCase.release.xcconfig"; path = "Target Support Files/Pods-YMFrameworksShowCase/Pods-YMFrameworksShowCase.release.xcconfig"; sourceTree = "<group>"; };
/* End PBXFileReference section */

/* Begin PBXFrameworksBuildPhase section */
		884DDE3D2444DE4A004782AD /* Frameworks */ = {
			isa = PBXFrameworksBuildPhase;
			buildActionMask = 2147483647;
			files = (
				25371BF9B8F86FD68D5F5AB5 /* Pods_YMFrameworksShowCase.framework in Frameworks */,
			);
			runOnlyForDeploymentPostprocessing = 0;
		};
/* End PBXFrameworksBuildPhase section */

/* Begin PBXGroup section */
		8838423B247AAE6500C395BA /* ViewControllers */ = {
			isa = PBXGroup;
			children = (
				884DDE472444DE4A004782AD /* ViewController.swift */,
				8838423C247AAE7F00C395BA /* VisionDetectViewController.swift */,
			);
			path = ViewControllers;
			sourceTree = "<group>";
		};
		884DDE372444DE4A004782AD = {
			isa = PBXGroup;
			children = (
				884DDE422444DE4A004782AD /* YMFrameworksShowCase */,
				884DDE412444DE4A004782AD /* Products */,
				884DDE752444E084004782AD /* Frameworks */,
				A5FB542FEC235015AF4E9C0B /* Pods */,
			);
			sourceTree = "<group>";
		};
		884DDE412444DE4A004782AD /* Products */ = {
			isa = PBXGroup;
			children = (
				884DDE402444DE4A004782AD /* YMFrameworksShowCase.app */,
			);
			name = Products;
			sourceTree = "<group>";
		};
		884DDE422444DE4A004782AD /* YMFrameworksShowCase */ = {
			isa = PBXGroup;
			children = (
				885E29EE2461915000090CA2 /* Resources */,
				884DDE792444E0D2004782AD /* YMNetwork */,
				884DDE432444DE4A004782AD /* AppDelegate.swift */,
				884DDE452444DE4A004782AD /* SceneDelegate.swift */,
				8838423B247AAE6500C395BA /* ViewControllers */,
				884DDE492444DE4A004782AD /* Main.storyboard */,
				884DDE4C2444DE4D004782AD /* Assets.xcassets */,
				884DDE4E2444DE4D004782AD /* LaunchScreen.storyboard */,
				884DDE512444DE4D004782AD /* Info.plist */,
			);
			path = YMFrameworksShowCase;
			sourceTree = "<group>";
		};
		884DDE752444E084004782AD /* Frameworks */ = {
			isa = PBXGroup;
			children = (
				88CCA6F22479A105001C61EC /* YMNetwork.framework */,
				2A2AB76F0B1D0AB6FC7D88E5 /* Pods_YMFrameworksShowCase.framework */,
			);
			name = Frameworks;
			sourceTree = "<group>";
		};
		884DDE792444E0D2004782AD /* YMNetwork */ = {
			isa = PBXGroup;
			children = (
				884DDE8E2444E5BE004782AD /* Models */,
				884DDE7A2444E0DF004782AD /* NetworkManager.swift */,
			);
			path = YMNetwork;
			sourceTree = "<group>";
		};
		884DDE8E2444E5BE004782AD /* Models */ = {
			isa = PBXGroup;
			children = (
				884DDE8F2444E5C6004782AD /* MovieModel.swift */,
				886091722448FED800267B42 /* MovieRequest.swift */,
				885E29F22461919500090CA2 /* UploadRequest.swift */,
			);
			path = Models;
			sourceTree = "<group>";
		};
		885E29EE2461915000090CA2 /* Resources */ = {
			isa = PBXGroup;
			children = (
				885E29F02461915C00090CA2 /* cat.jpg */,
			);
			path = Resources;
			sourceTree = "<group>";
		};
		A5FB542FEC235015AF4E9C0B /* Pods */ = {
			isa = PBXGroup;
			children = (
				9FCF27A685343FAD34CAAACA /* Pods-PersonalFrameworkTester.debug.xcconfig */,
				A36F412ADFCCC9417DA7ED63 /* Pods-PersonalFrameworkTester.release.xcconfig */,
				ED1A66A309C3F88F5850D751 /* Pods-YMFrameworksShowCase.debug.xcconfig */,
				F7C2BDD841274ACE10D10B97 /* Pods-YMFrameworksShowCase.release.xcconfig */,
			);
			path = Pods;
			sourceTree = "<group>";
		};
/* End PBXGroup section */

/* Begin PBXNativeTarget section */
		884DDE3F2444DE4A004782AD /* YMFrameworksShowCase */ = {
			isa = PBXNativeTarget;
			buildConfigurationList = 884DDE542444DE4D004782AD /* Build configuration list for PBXNativeTarget "YMFrameworksShowCase" */;
			buildPhases = (
				A37D0D7ADC6C35A34C25D0B7 /* [CP] Check Pods Manifest.lock */,
				884DDE3C2444DE4A004782AD /* Sources */,
				884DDE3D2444DE4A004782AD /* Frameworks */,
				884DDE3E2444DE4A004782AD /* Resources */,
				88CCA6F12479A04C001C61EC /* Carthage */,
				59AEF7B3DC3F7EDFC62B581A /* [CP] Embed Pods Frameworks */,
			);
			buildRules = (
			);
			dependencies = (
			);
			name = YMFrameworksShowCase;
			productName = PersonalFrameworkTester;
			productReference = 884DDE402444DE4A004782AD /* YMFrameworksShowCase.app */;
			productType = "com.apple.product-type.application";
		};
/* End PBXNativeTarget section */

/* Begin PBXProject section */
		884DDE382444DE4A004782AD /* Project object */ = {
			isa = PBXProject;
			attributes = {
				LastSwiftUpdateCheck = 1120;
				LastUpgradeCheck = 1120;
				ORGANIZATIONNAME = Miletli;
				TargetAttributes = {
					884DDE3F2444DE4A004782AD = {
						CreatedOnToolsVersion = 11.2.1;
					};
				};
			};
			buildConfigurationList = 884DDE3B2444DE4A004782AD /* Build configuration list for PBXProject "YMFrameworksShowCase" */;
			compatibilityVersion = "Xcode 9.3";
			developmentRegion = en;
			hasScannedForEncodings = 0;
			knownRegions = (
				en,
				Base,
			);
			mainGroup = 884DDE372444DE4A004782AD;
			productRefGroup = 884DDE412444DE4A004782AD /* Products */;
			projectDirPath = "";
			projectRoot = "";
			targets = (
				884DDE3F2444DE4A004782AD /* YMFrameworksShowCase */,
			);
		};
/* End PBXProject section */

/* Begin PBXResourcesBuildPhase section */
		884DDE3E2444DE4A004782AD /* Resources */ = {
			isa = PBXResourcesBuildPhase;
			buildActionMask = 2147483647;
			files = (
				884DDE502444DE4D004782AD /* LaunchScreen.storyboard in Resources */,
				884DDE4D2444DE4D004782AD /* Assets.xcassets in Resources */,
				885E29F12461915C00090CA2 /* cat.jpg in Resources */,
				884DDE4B2444DE4A004782AD /* Main.storyboard in Resources */,
			);
			runOnlyForDeploymentPostprocessing = 0;
		};
/* End PBXResourcesBuildPhase section */

/* Begin PBXShellScriptBuildPhase section */
		59AEF7B3DC3F7EDFC62B581A /* [CP] Embed Pods Frameworks */ = {
			isa = PBXShellScriptBuildPhase;
			buildActionMask = 2147483647;
			files = (
			);
			inputFileListPaths = (
				"${PODS_ROOT}/Target Support Files/Pods-YMFrameworksShowCase/Pods-YMFrameworksShowCase-frameworks-${CONFIGURATION}-input-files.xcfilelist",
			);
			name = "[CP] Embed Pods Frameworks";
			outputFileListPaths = (
				"${PODS_ROOT}/Target Support Files/Pods-YMFrameworksShowCase/Pods-YMFrameworksShowCase-frameworks-${CONFIGURATION}-output-files.xcfilelist",
			);
			runOnlyForDeploymentPostprocessing = 0;
			shellPath = /bin/sh;
			shellScript = "\"${PODS_ROOT}/Target Support Files/Pods-YMFrameworksShowCase/Pods-YMFrameworksShowCase-frameworks.sh\"\n";
			showEnvVarsInLog = 0;
		};
		88CCA6F12479A04C001C61EC /* Carthage */ = {
			isa = PBXShellScriptBuildPhase;
			buildActionMask = 2147483647;
			files = (
			);
			inputFileListPaths = (
			);
			inputPaths = (
				"$(SRCROOT)/Carthage/Build/iOS/YMNetwork.framework",
			);
			name = Carthage;
			outputFileListPaths = (
			);
			outputPaths = (
				"$(BUILT_PRODUCTS_DIR)/Carthage/Build/iOS/YMNetwork.framework",
			);
			runOnlyForDeploymentPostprocessing = 0;
			shellPath = /bin/sh;
			shellScript = "# Type a script or drag a script file from your workspace to insert its path.\n/usr/local/bin/carthage copy-frameworks\n";
		};
		A37D0D7ADC6C35A34C25D0B7 /* [CP] Check Pods Manifest.lock */ = {
			isa = PBXShellScriptBuildPhase;
			buildActionMask = 2147483647;
			files = (
			);
			inputFileListPaths = (
			);
			inputPaths = (
				"${PODS_PODFILE_DIR_PATH}/Podfile.lock",
				"${PODS_ROOT}/Manifest.lock",
			);
			name = "[CP] Check Pods Manifest.lock";
			outputFileListPaths = (
			);
			outputPaths = (
				"$(DERIVED_FILE_DIR)/Pods-YMFrameworksShowCase-checkManifestLockResult.txt",
			);
			runOnlyForDeploymentPostprocessing = 0;
			shellPath = /bin/sh;
			shellScript = "diff \"${PODS_PODFILE_DIR_PATH}/Podfile.lock\" \"${PODS_ROOT}/Manifest.lock\" > /dev/null\nif [ $? != 0 ] ; then\n    # print error to STDERR\n    echo \"error: The sandbox is not in sync with the Podfile.lock. Run 'pod install' or update your CocoaPods installation.\" >&2\n    exit 1\nfi\n# This output is used by Xcode 'outputs' to avoid re-running this script phase.\necho \"SUCCESS\" > \"${SCRIPT_OUTPUT_FILE_0}\"\n";
			showEnvVarsInLog = 0;
		};
/* End PBXShellScriptBuildPhase section */

/* Begin PBXSourcesBuildPhase section */
		884DDE3C2444DE4A004782AD /* Sources */ = {
			isa = PBXSourcesBuildPhase;
			buildActionMask = 2147483647;
			files = (
				884DDE7B2444E0DF004782AD /* NetworkManager.swift in Sources */,
				884DDE482444DE4A004782AD /* ViewController.swift in Sources */,
				886091732448FED800267B42 /* MovieRequest.swift in Sources */,
				885E29F32461919500090CA2 /* UploadRequest.swift in Sources */,
				884DDE902444E5C6004782AD /* MovieModel.swift in Sources */,
				884DDE442444DE4A004782AD /* AppDelegate.swift in Sources */,
				8838423D247AAE7F00C395BA /* VisionDetectViewController.swift in Sources */,
				884DDE462444DE4A004782AD /* SceneDelegate.swift in Sources */,
			);
			runOnlyForDeploymentPostprocessing = 0;
		};
/* End PBXSourcesBuildPhase section */

/* Begin PBXVariantGroup section */
		884DDE492444DE4A004782AD /* Main.storyboard */ = {
			isa = PBXVariantGroup;
			children = (
				884DDE4A2444DE4A004782AD /* Base */,
			);
			name = Main.storyboard;
			sourceTree = "<group>";
		};
		884DDE4E2444DE4D004782AD /* LaunchScreen.storyboard */ = {
			isa = PBXVariantGroup;
			children = (
				884DDE4F2444DE4D004782AD /* Base */,
			);
			name = LaunchScreen.storyboard;
			sourceTree = "<group>";
		};
/* End PBXVariantGroup section */

/* Begin XCBuildConfiguration section */
		884DDE522444DE4D004782AD /* Debug */ = {
			isa = XCBuildConfiguration;
			buildSettings = {
				ALWAYS_SEARCH_USER_PATHS = NO;
				CLANG_ANALYZER_NONNULL = YES;
				CLANG_ANALYZER_NUMBER_OBJECT_CONVERSION = YES_AGGRESSIVE;
				CLANG_CXX_LANGUAGE_STANDARD = "gnu++14";
				CLANG_CXX_LIBRARY = "libc++";
				CLANG_ENABLE_MODULES = YES;
				CLANG_ENABLE_OBJC_ARC = YES;
				CLANG_ENABLE_OBJC_WEAK = YES;
				CLANG_WARN_BLOCK_CAPTURE_AUTORELEASING = YES;
				CLANG_WARN_BOOL_CONVERSION = YES;
				CLANG_WARN_COMMA = YES;
				CLANG_WARN_CONSTANT_CONVERSION = YES;
				CLANG_WARN_DEPRECATED_OBJC_IMPLEMENTATIONS = YES;
				CLANG_WARN_DIRECT_OBJC_ISA_USAGE = YES_ERROR;
				CLANG_WARN_DOCUMENTATION_COMMENTS = YES;
				CLANG_WARN_EMPTY_BODY = YES;
				CLANG_WARN_ENUM_CONVERSION = YES;
				CLANG_WARN_INFINITE_RECURSION = YES;
				CLANG_WARN_INT_CONVERSION = YES;
				CLANG_WARN_NON_LITERAL_NULL_CONVERSION = YES;
				CLANG_WARN_OBJC_IMPLICIT_RETAIN_SELF = YES;
				CLANG_WARN_OBJC_LITERAL_CONVERSION = YES;
				CLANG_WARN_OBJC_ROOT_CLASS = YES_ERROR;
				CLANG_WARN_RANGE_LOOP_ANALYSIS = YES;
				CLANG_WARN_STRICT_PROTOTYPES = YES;
				CLANG_WARN_SUSPICIOUS_MOVE = YES;
				CLANG_WARN_UNGUARDED_AVAILABILITY = YES_AGGRESSIVE;
				CLANG_WARN_UNREACHABLE_CODE = YES;
				CLANG_WARN__DUPLICATE_METHOD_MATCH = YES;
				COPY_PHASE_STRIP = NO;
				DEBUG_INFORMATION_FORMAT = dwarf;
				ENABLE_STRICT_OBJC_MSGSEND = YES;
				ENABLE_TESTABILITY = YES;
				GCC_C_LANGUAGE_STANDARD = gnu11;
				GCC_DYNAMIC_NO_PIC = NO;
				GCC_NO_COMMON_BLOCKS = YES;
				GCC_OPTIMIZATION_LEVEL = 0;
				GCC_PREPROCESSOR_DEFINITIONS = (
					"DEBUG=1",
					"$(inherited)",
				);
				GCC_WARN_64_TO_32_BIT_CONVERSION = YES;
				GCC_WARN_ABOUT_RETURN_TYPE = YES_ERROR;
				GCC_WARN_UNDECLARED_SELECTOR = YES;
				GCC_WARN_UNINITIALIZED_AUTOS = YES_AGGRESSIVE;
				GCC_WARN_UNUSED_FUNCTION = YES;
				GCC_WARN_UNUSED_VARIABLE = YES;
				IPHONEOS_DEPLOYMENT_TARGET = 13.2;
				MTL_ENABLE_DEBUG_INFO = INCLUDE_SOURCE;
				MTL_FAST_MATH = YES;
				ONLY_ACTIVE_ARCH = YES;
				SDKROOT = iphoneos;
				SWIFT_ACTIVE_COMPILATION_CONDITIONS = DEBUG;
				SWIFT_OPTIMIZATION_LEVEL = "-Onone";
			};
			name = Debug;
		};
		884DDE532444DE4D004782AD /* Release */ = {
			isa = XCBuildConfiguration;
			buildSettings = {
				ALWAYS_SEARCH_USER_PATHS = NO;
				CLANG_ANALYZER_NONNULL = YES;
				CLANG_ANALYZER_NUMBER_OBJECT_CONVERSION = YES_AGGRESSIVE;
				CLANG_CXX_LANGUAGE_STANDARD = "gnu++14";
				CLANG_CXX_LIBRARY = "libc++";
				CLANG_ENABLE_MODULES = YES;
				CLANG_ENABLE_OBJC_ARC = YES;
				CLANG_ENABLE_OBJC_WEAK = YES;
				CLANG_WARN_BLOCK_CAPTURE_AUTORELEASING = YES;
				CLANG_WARN_BOOL_CONVERSION = YES;
				CLANG_WARN_COMMA = YES;
				CLANG_WARN_CONSTANT_CONVERSION = YES;
				CLANG_WARN_DEPRECATED_OBJC_IMPLEMENTATIONS = YES;
				CLANG_WARN_DIRECT_OBJC_ISA_USAGE = YES_ERROR;
				CLANG_WARN_DOCUMENTATION_COMMENTS = YES;
				CLANG_WARN_EMPTY_BODY = YES;
				CLANG_WARN_ENUM_CONVERSION = YES;
				CLANG_WARN_INFINITE_RECURSION = YES;
				CLANG_WARN_INT_CONVERSION = YES;
				CLANG_WARN_NON_LITERAL_NULL_CONVERSION = YES;
				CLANG_WARN_OBJC_IMPLICIT_RETAIN_SELF = YES;
				CLANG_WARN_OBJC_LITERAL_CONVERSION = YES;
				CLANG_WARN_OBJC_ROOT_CLASS = YES_ERROR;
				CLANG_WARN_RANGE_LOOP_ANALYSIS = YES;
				CLANG_WARN_STRICT_PROTOTYPES = YES;
				CLANG_WARN_SUSPICIOUS_MOVE = YES;
				CLANG_WARN_UNGUARDED_AVAILABILITY = YES_AGGRESSIVE;
				CLANG_WARN_UNREACHABLE_CODE = YES;
				CLANG_WARN__DUPLICATE_METHOD_MATCH = YES;
				COPY_PHASE_STRIP = NO;
				DEBUG_INFORMATION_FORMAT = "dwarf-with-dsym";
				ENABLE_NS_ASSERTIONS = NO;
				ENABLE_STRICT_OBJC_MSGSEND = YES;
				GCC_C_LANGUAGE_STANDARD = gnu11;
				GCC_NO_COMMON_BLOCKS = YES;
				GCC_WARN_64_TO_32_BIT_CONVERSION = YES;
				GCC_WARN_ABOUT_RETURN_TYPE = YES_ERROR;
				GCC_WARN_UNDECLARED_SELECTOR = YES;
				GCC_WARN_UNINITIALIZED_AUTOS = YES_AGGRESSIVE;
				GCC_WARN_UNUSED_FUNCTION = YES;
				GCC_WARN_UNUSED_VARIABLE = YES;
				IPHONEOS_DEPLOYMENT_TARGET = 13.2;
				MTL_ENABLE_DEBUG_INFO = NO;
				MTL_FAST_MATH = YES;
				SDKROOT = iphoneos;
				SWIFT_COMPILATION_MODE = wholemodule;
				SWIFT_OPTIMIZATION_LEVEL = "-O";
				VALIDATE_PRODUCT = YES;
			};
			name = Release;
		};
		884DDE552444DE4D004782AD /* Debug */ = {
			isa = XCBuildConfiguration;
			baseConfigurationReference = ED1A66A309C3F88F5850D751 /* Pods-YMFrameworksShowCase.debug.xcconfig */;
			buildSettings = {
				ASSETCATALOG_COMPILER_APPICON_NAME = AppIcon;
				CODE_SIGN_STYLE = Automatic;
				DEVELOPMENT_ASSET_PATHS = "";
				DEVELOPMENT_TEAM = J32736CL8V;
				FRAMEWORK_SEARCH_PATHS = (
					"$(inherited)",
					"$(PROJECT_DIR)/Carthage/Build/iOS",
				);
				INFOPLIST_FILE = YMFrameworksShowCase/Info.plist;
				LD_RUNPATH_SEARCH_PATHS = (
					"$(inherited)",
					"@executable_path/Frameworks",
				);
				PRODUCT_BUNDLE_IDENTIFIER = com.miletli.ysm.YMFrameworksShowCase;
				PRODUCT_NAME = "$(TARGET_NAME)";
				SWIFT_VERSION = 5.0;
				TARGETED_DEVICE_FAMILY = "1,2";
			};
			name = Debug;
		};
		884DDE562444DE4D004782AD /* Release */ = {
			isa = XCBuildConfiguration;
			baseConfigurationReference = F7C2BDD841274ACE10D10B97 /* Pods-YMFrameworksShowCase.release.xcconfig */;
			buildSettings = {
				ASSETCATALOG_COMPILER_APPICON_NAME = AppIcon;
				CODE_SIGN_STYLE = Automatic;
				DEVELOPMENT_ASSET_PATHS = "";
				DEVELOPMENT_TEAM = J32736CL8V;
				FRAMEWORK_SEARCH_PATHS = (
					"$(inherited)",
					"$(PROJECT_DIR)/Carthage/Build/iOS",
				);
				INFOPLIST_FILE = YMFrameworksShowCase/Info.plist;
				LD_RUNPATH_SEARCH_PATHS = (
					"$(inherited)",
					"@executable_path/Frameworks",
				);
				PRODUCT_BUNDLE_IDENTIFIER = com.miletli.ysm.YMFrameworksShowCase;
				PRODUCT_NAME = "$(TARGET_NAME)";
				SWIFT_VERSION = 5.0;
				TARGETED_DEVICE_FAMILY = "1,2";
			};
			name = Release;
		};
/* End XCBuildConfiguration section */

/* Begin XCConfigurationList section */
		884DDE3B2444DE4A004782AD /* Build configuration list for PBXProject "YMFrameworksShowCase" */ = {
			isa = XCConfigurationList;
			buildConfigurations = (
				884DDE522444DE4D004782AD /* Debug */,
				884DDE532444DE4D004782AD /* Release */,
			);
			defaultConfigurationIsVisible = 0;
			defaultConfigurationName = Release;
		};
		884DDE542444DE4D004782AD /* Build configuration list for PBXNativeTarget "YMFrameworksShowCase" */ = {
			isa = XCConfigurationList;
			buildConfigurations = (
				884DDE552444DE4D004782AD /* Debug */,
				884DDE562444DE4D004782AD /* Release */,
			);
			defaultConfigurationIsVisible = 0;
			defaultConfigurationName = Release;
		};
/* End XCConfigurationList section */
	};
	rootObject = 884DDE382444DE4A004782AD /* Project object */;
}
